
Microsoft Visual Studio Solution File, Format Version 12.00
# Visual Studio 15
VisualStudioVersion = 15.0.26730.12
MinimumVisualStudioVersion = 10.0.40219.1
Project("{FAE04EC0-301F-11D3-BF4B-00C04F79EFBC}") = "Bowling", "Bowling\Bowling.csproj", "{B74D6B0E-1755-4A27-A8F5-CA8366B1314B}"
EndProject
Project("{FAE04EC0-301F-11D3-BF4B-00C04F79EFBC}") = "Bowling.Test", "Bowling.Test\Bowling.Test.csproj", "{9E68B8F8-81B2-48C6-BC37-6CA31E5FC66C}"
EndProject
Global
	GlobalSection(SolutionConfigurationPlatforms) = preSolution
		Debug|Any CPU = Debug|Any CPU
		Release|Any CPU = Release|Any CPU
	EndGlobalSection
	GlobalSection(ProjectConfigurationPlatforms) = postSolution
		{B74D6B0E-1755-4A27-A8F5-CA8366B1314B}.Debug|Any CPU.ActiveCfg = Debug|Any CPU
		{B74D6B0E-1755-4A27-A8F5-CA8366B1314B}.Debug|Any CPU.Build.0 = Debug|Any CPU
		{B74D6B0E-1755-4A27-A8F5-CA8366B1314B}.Release|Any CPU.ActiveCfg = Release|Any CPU
		{B74D6B0E-1755-4A27-A8F5-CA8366B1314B}.Release|Any CPU.Build.0 = Release|Any CPU
		{9E68B8F8-81B2-48C6-BC37-6CA31E5FC66C}.Debug|Any CPU.ActiveCfg = Debug|Any CPU
		{9E68B8F8-81B2-48C6-BC37-6CA31E5FC66C}.Debug|Any CPU.Build.0 = Debug|Any CPU
		{9E68B8F8-81B2-48C6-BC37-6CA31E5FC66C}.Release|Any CPU.ActiveCfg = Release|Any CPU
		{9E68B8F8-81B2-48C6-BC37-6CA31E5FC66C}.Release|Any CPU.Build.0 = Release|Any CPU
	EndGlobalSection
	GlobalSection(SolutionProperties) = preSolution
		HideSolutionNode = FALSE
	EndGlobalSection
	GlobalSection(ExtensibilityGlobals) = postSolution
		SolutionGuid = {DC885C6E-D2FE-4D99-B0AE-35AC82CF9C38}
	EndGlobalSection
EndGlobal
